
Microsoft Visual Studio Solution File, Format Version 12.00
# Visual Studio Version 17
VisualStudioVersion = 17.4.33205.214
MinimumVisualStudioVersion = 10.0.40219.1
Project("{FAE04EC0-301F-11D3-BF4B-00C04F79EFBC}") = "ConsoleApp2", "ConsoleApp2\ConsoleApp2.csproj", "{D446E4D5-708F-4E9C-86C0-FC4F66B4EF5B}"
EndProject
Global
	GlobalSection(SolutionConfigurationPlatforms) = preSolution
		Debug|Any CPU = Debug|Any CPU
		Release|Any CPU = Release|Any CPU
	EndGlobalSection
	GlobalSection(ProjectConfigurationPlatforms) = postSolution
		{D446E4D5-708F-4E9C-86C0-FC4F66B4EF5B}.Debug|Any CPU.ActiveCfg = Debug|Any CPU
		{D446E4D5-708F-4E9C-86C0-FC4F66B4EF5B}.Debug|Any CPU.Build.0 = Debug|Any CPU
		{D446E4D5-708F-4E9C-86C0-FC4F66B4EF5B}.Release|Any CPU.ActiveCfg = Release|Any CPU
		{D446E4D5-708F-4E9C-86C0-FC4F66B4EF5B}.Release|Any CPU.Build.0 = Release|Any CPU
	EndGlobalSection
	GlobalSection(SolutionProperties) = preSolution
		HideSolutionNode = FALSE
	EndGlobalSection
	GlobalSection(ExtensibilityGlobals) = postSolution
		SolutionGuid = {11B7F8AB-1A05-4D00-87B3-FD2982F78535}
	EndGlobalSection
EndGlobal
